{
  "version": 4,
  "terraform_version": "1.2.3",
  "serial": 28,
  "lineage": "99ebd3f2-71ff-2392-89c8-558685cbc801",
  "outputs": {},
  "resources": [
    {
      "mode": "managed",
      "type": "aws_key_pair",
      "name": "web_server",
      "provider": "provider[\"registry.terraform.io/hashicorp/aws\"]",
      "instances": [
        {
          "schema_version": 1,
          "attributes": {
            "arn": "arn:aws:ec2:eu-central-1:039142475111:key-pair/local_key",
            "fingerprint": "65:dc:cb:49:ea:a8:dc:30:aa:cd:19:68:34:89:b6:44",
            "id": "local_key",
            "key_name": "local_key",
            "key_name_prefix": "",
            "key_pair_id": "key-0fd45830b00cf4891",
            "key_type": "rsa",
            "public_key": "ssh-rsa AAAAB3NzaC1yc2EAAAADAQABAAABgQCu64MvAu6gSHmlOc5GArtZbaL5xQb7gkJQ54WFK+BKaSX/2Tx7EN5NPflVoDJDFQ41LW/0ELyzWkoQVbayl6AWYvSVgRaM4O7nhpnnsxaCC62xM9v2+rinLEROFz9jxfgUI9hREs5Buz7ZhY0mNOfgx+RThqxQzLmW9LoZHAyg6bMaROd0pogJlFjQ6/snBI7ZoJuyPcX7htMF575W5q5P+lfo1gzBPYpmgjS2PnNi0M3EAK14TzKo3ejhmpi1w4VlrTsfEyRYLhL0EkGg/DhFnkOoC03PjBuimMGxVYvkkoJ5naZOf7SzNl75PMdeLLt4Zomlrw4jYy7WVONpO5NB3O97t6lP0RR9myF6s5cMSToDDDmMF1Nixkh0g0N1B4RSh9c98mTSBvZZmiOa+zWkN5pcwdWyV6SRk8xQwbXLGBySHHlyUShxP7zecOWc/9yIDbtSqpzhNUUFxEY9ugfaPwAl2skrQ5MmoCElsSXF5O4OhS60tNlqRAQPhLuJzkc= sokar@5CD114B2X2",
            "tags": null,
            "tags_all": {}
          },
          "sensitive_attributes": [],
          "private": "eyJzY2hlbWFfdmVyc2lvbiI6IjEifQ=="
        }
      ]
    },
    {
      "mode": "managed",
      "type": "aws_security_group",
      "name": "ssh",
      "provider": "provider[\"registry.terraform.io/hashicorp/aws\"]",
      "instances": [
        {
          "schema_version": 1,
          "attributes": {
            "arn": "arn:aws:ec2:eu-central-1:039142475111:security-group/sg-0f9a3487d71db6e8b",
            "description": "Managed by Terraform",
            "egress": [
              {
                "cidr_blocks": [
                  "0.0.0.0/0"
                ],
                "description": "",
                "from_port": 0,
                "ipv6_cidr_blocks": [
                  "::/0"
                ],
                "prefix_list_ids": [],
                "protocol": "-1",
                "security_groups": [],
                "self": false,
                "to_port": 0
              }
            ],
            "id": "sg-0f9a3487d71db6e8b",
            "ingress": [
              {
                "cidr_blocks": [
                  "0.0.0.0/0"
                ],
                "description": "SSH",
                "from_port": 22,
                "ipv6_cidr_blocks": [
                  "::/0"
                ],
                "prefix_list_ids": [],
                "protocol": "tcp",
                "security_groups": [],
                "self": false,
                "to_port": 22
              }
            ],
            "name": "ssh",
            "name_prefix": "",
            "owner_id": "039142475111",
            "revoke_rules_on_delete": false,
            "tags": {
              "Name": "allow_ssh"
            },
            "tags_all": {
              "Name": "allow_ssh"
            },
            "timeouts": null,
            "vpc_id": "vpc-011dab0d974db9f29"
          },
          "sensitive_attributes": [],
          "private": "eyJlMmJmYjczMC1lY2FhLTExZTYtOGY4OC0zNDM2M2JjN2M0YzAiOnsiY3JlYXRlIjo2MDAwMDAwMDAwMDAsImRlbGV0ZSI6OTAwMDAwMDAwMDAwfSwic2NoZW1hX3ZlcnNpb24iOiIxIn0="
        }
      ]
    }
  ]
}
