{
  "version": 4,
  "terraform_version": "1.2.3",
  "serial": 42,
  "lineage": "99ebd3f2-71ff-2392-89c8-558685cbc801",
  "outputs": {},
  "resources": [
    {
      "mode": "managed",
      "type": "aws_instance",
      "name": "web_server",
      "provider": "provider[\"registry.terraform.io/hashicorp/aws\"]",
      "instances": [
        {
          "schema_version": 1,
          "attributes": {
            "ami": "ami-0b7fd829e7758b06d",
            "arn": "arn:aws:ec2:eu-central-1:039142475111:instance/i-04f13644773ff1eff",
            "associate_public_ip_address": true,
            "availability_zone": "eu-central-1b",
            "capacity_reservation_specification": [
              {
                "capacity_reservation_preference": "open",
                "capacity_reservation_target": []
              }
            ],
            "cpu_core_count": 1,
            "cpu_threads_per_core": 1,
            "credit_specification": [
              {
                "cpu_credits": "standard"
              }
            ],
            "disable_api_stop": false,
            "disable_api_termination": false,
            "ebs_block_device": [],
            "ebs_optimized": false,
            "enclave_options": [
              {
                "enabled": false
              }
            ],
            "ephemeral_block_device": [],
            "get_password_data": false,
            "hibernation": false,
            "host_id": "",
            "host_resource_group_arn": null,
            "iam_instance_profile": "",
            "id": "i-04f13644773ff1eff",
            "instance_initiated_shutdown_behavior": "stop",
            "instance_state": "running",
            "instance_type": "t2.micro",
            "ipv6_address_count": 0,
            "ipv6_addresses": [],
            "key_name": "local_key",
            "launch_template": [],
            "maintenance_options": [
              {
                "auto_recovery": "default"
              }
            ],
            "metadata_options": [
              {
                "http_endpoint": "enabled",
                "http_put_response_hop_limit": 2,
                "http_tokens": "required",
                "instance_metadata_tags": "disabled"
              }
            ],
            "monitoring": false,
            "network_interface": [],
            "outpost_arn": "",
            "password_data": "",
            "placement_group": "",
            "placement_partition_number": 0,
            "primary_network_interface_id": "eni-007f727e8059e965c",
            "private_dns": "ip-172-31-46-168.eu-central-1.compute.internal",
            "private_dns_name_options": [
              {
                "enable_resource_name_dns_a_record": false,
                "enable_resource_name_dns_aaaa_record": false,
                "hostname_type": "ip-name"
              }
            ],
            "private_ip": "172.31.46.168",
            "public_dns": "ec2-3-127-147-199.eu-central-1.compute.amazonaws.com",
            "public_ip": "3.127.147.199",
            "root_block_device": [
              {
                "delete_on_termination": true,
                "device_name": "/dev/xvda",
                "encrypted": false,
                "iops": 3000,
                "kms_key_id": "",
                "tags": {},
                "throughput": 125,
                "volume_id": "vol-05df307772e64eb03",
                "volume_size": 8,
                "volume_type": "gp3"
              }
            ],
            "secondary_private_ips": [],
            "security_groups": [
              "ssh"
            ],
            "source_dest_check": true,
            "subnet_id": "subnet-0a6bfeea910f0e971",
            "tags": {
              "Name": "web-server"
            },
            "tags_all": {
              "Name": "web-server"
            },
            "tenancy": "default",
            "timeouts": null,
            "user_data": null,
            "user_data_base64": null,
            "user_data_replace_on_change": false,
            "volume_tags": null,
            "vpc_security_group_ids": [
              "sg-0d029ad031a327185"
            ]
          },
          "sensitive_attributes": [],
          "private": "eyJlMmJmYjczMC1lY2FhLTExZTYtOGY4OC0zNDM2M2JjN2M0YzAiOnsiY3JlYXRlIjo2MDAwMDAwMDAwMDAsImRlbGV0ZSI6MTIwMDAwMDAwMDAwMCwidXBkYXRlIjo2MDAwMDAwMDAwMDB9LCJzY2hlbWFfdmVyc2lvbiI6IjEifQ==",
          "dependencies": [
            "aws_key_pair.web_server",
            "aws_security_group.ssh"
          ]
        }
      ]
    },
    {
      "mode": "managed",
      "type": "aws_key_pair",
      "name": "web_server",
      "provider": "provider[\"registry.terraform.io/hashicorp/aws\"]",
      "instances": [
        {
          "schema_version": 1,
          "attributes": {
            "arn": "arn:aws:ec2:eu-central-1:039142475111:key-pair/local_key",
            "fingerprint": "65:dc:cb:49:ea:a8:dc:30:aa:cd:19:68:34:89:b6:44",
            "id": "local_key",
            "key_name": "local_key",
            "key_name_prefix": "",
            "key_pair_id": "key-04b5604b0d562bcbb",
            "key_type": "rsa",
            "public_key": "ssh-rsa AAAAB3NzaC1yc2EAAAADAQABAAABgQCu64MvAu6gSHmlOc5GArtZbaL5xQb7gkJQ54WFK+BKaSX/2Tx7EN5NPflVoDJDFQ41LW/0ELyzWkoQVbayl6AWYvSVgRaM4O7nhpnnsxaCC62xM9v2+rinLEROFz9jxfgUI9hREs5Buz7ZhY0mNOfgx+RThqxQzLmW9LoZHAyg6bMaROd0pogJlFjQ6/snBI7ZoJuyPcX7htMF575W5q5P+lfo1gzBPYpmgjS2PnNi0M3EAK14TzKo3ejhmpi1w4VlrTsfEyRYLhL0EkGg/DhFnkOoC03PjBuimMGxVYvkkoJ5naZOf7SzNl75PMdeLLt4Zomlrw4jYy7WVONpO5NB3O97t6lP0RR9myF6s5cMSToDDDmMF1Nixkh0g0N1B4RSh9c98mTSBvZZmiOa+zWkN5pcwdWyV6SRk8xQwbXLGBySHHlyUShxP7zecOWc/9yIDbtSqpzhNUUFxEY9ugfaPwAl2skrQ5MmoCElsSXF5O4OhS60tNlqRAQPhLuJzkc= sokar@5CD114B2X2",
            "tags": {},
            "tags_all": {}
          },
          "sensitive_attributes": [],
          "private": "eyJzY2hlbWFfdmVyc2lvbiI6IjEifQ=="
        }
      ]
    },
    {
      "mode": "managed",
      "type": "aws_security_group",
      "name": "ssh",
      "provider": "provider[\"registry.terraform.io/hashicorp/aws\"]",
      "instances": [
        {
          "schema_version": 1,
          "attributes": {
            "arn": "arn:aws:ec2:eu-central-1:039142475111:security-group/sg-0d029ad031a327185",
            "description": "Managed by Terraform",
            "egress": [
              {
                "cidr_blocks": [
                  "0.0.0.0/0"
                ],
                "description": "",
                "from_port": 0,
                "ipv6_cidr_blocks": [
                  "::/0"
                ],
                "prefix_list_ids": [],
                "protocol": "-1",
                "security_groups": [],
                "self": false,
                "to_port": 0
              }
            ],
            "id": "sg-0d029ad031a327185",
            "ingress": [
              {
                "cidr_blocks": [
                  "0.0.0.0/0"
                ],
                "description": "HTTP",
                "from_port": 80,
                "ipv6_cidr_blocks": [],
                "prefix_list_ids": [],
                "protocol": "tcp",
                "security_groups": [],
                "self": false,
                "to_port": 80
              },
              {
                "cidr_blocks": [
                  "0.0.0.0/0"
                ],
                "description": "SSH",
                "from_port": 22,
                "ipv6_cidr_blocks": [
                  "::/0"
                ],
                "prefix_list_ids": [],
                "protocol": "tcp",
                "security_groups": [],
                "self": false,
                "to_port": 22
              }
            ],
            "name": "ssh",
            "name_prefix": "",
            "owner_id": "039142475111",
            "revoke_rules_on_delete": false,
            "tags": {
              "Name": "allow_ssh"
            },
            "tags_all": {
              "Name": "allow_ssh"
            },
            "timeouts": null,
            "vpc_id": "vpc-011dab0d974db9f29"
          },
          "sensitive_attributes": [],
          "private": "eyJlMmJmYjczMC1lY2FhLTExZTYtOGY4OC0zNDM2M2JjN2M0YzAiOnsiY3JlYXRlIjo2MDAwMDAwMDAwMDAsImRlbGV0ZSI6OTAwMDAwMDAwMDAwfSwic2NoZW1hX3ZlcnNpb24iOiIxIn0="
        }
      ]
    }
  ]
}
